
Microsoft Visual Studio Solution File, Format Version 12.00
# Visual Studio 15
Project("{FAE04EC0-301F-11D3-BF4B-00C04F79EFBC}") = "UnityEngine.UI", "UnityEngine.UI.csproj", "{12209DE0-0E0E-B7D4-3071-A3F185AC304B}"
EndProject
Project("{FAE04EC0-301F-11D3-BF4B-00C04F79EFBC}") = "UnityEngine.TestRunner", "UnityEngine.TestRunner.csproj", "{E3477E08-639D-B314-837D-2934B237974E}"
EndProject
Project("{FAE04EC0-301F-11D3-BF4B-00C04F79EFBC}") = "Unity.VisualScripting.Flow", "Unity.VisualScripting.Flow.csproj", "{B511A861-F464-22FC-C847-5B43D3764F5A}"
EndProject
Project("{FAE04EC0-301F-11D3-BF4B-00C04F79EFBC}") = "Unity.Mathematics", "Unity.Mathematics.csproj", "{311C75C6-D84A-B76A-54DA-A922B0802602}"
EndProject
Project("{FAE04EC0-301F-11D3-BF4B-00C04F79EFBC}") = "Unity.Services.Core.Telemetry", "Unity.Services.Core.Telemetry.csproj", "{DDBA37C5-5F96-8A3A-83D7-64AE5A1374C2}"
EndProject
Project("{FAE04EC0-301F-11D3-BF4B-00C04F79EFBC}") = "Unity.VisualScripting.State", "Unity.VisualScripting.State.csproj", "{D81164A4-CA46-1918-301B-F523CF1DBB36}"
EndProject
Project("{FAE04EC0-301F-11D3-BF4B-00C04F79EFBC}") = "Unity.VisualScripting.Core", "Unity.VisualScripting.Core.csproj", "{F3E1FAD6-3793-CE7D-103F-57B3B9EEF4B4}"
EndProject
Project("{FAE04EC0-301F-11D3-BF4B-00C04F79EFBC}") = "Unity.Services.Core.Environments.Internal", "Unity.Services.Core.Environments.Internal.csproj", "{E822C676-EE09-F12E-40F7-075DD33641F8}"
EndProject
Project("{FAE04EC0-301F-11D3-BF4B-00C04F79EFBC}") = "Unity.Burst", "Unity.Burst.csproj", "{F43F8E2C-C84F-DBC4-04CD-3172107F3B6A}"
EndProject
Project("{FAE04EC0-301F-11D3-BF4B-00C04F79EFBC}") = "Unity.2D.Animation.Runtime", "Unity.2D.Animation.Runtime.csproj", "{EEDDA87A-E2C8-F928-C3B3-A3A7BEC569F6}"
EndProject
Project("{FAE04EC0-301F-11D3-BF4B-00C04F79EFBC}") = "Unity.TextMeshPro", "Unity.TextMeshPro.csproj", "{2647C314-7EFC-19A6-7E2F-FF738E144D8E}"
EndProject
Project("{FAE04EC0-301F-11D3-BF4B-00C04F79EFBC}") = "Assembly-CSharp", "Assembly-CSharp.csproj", "{01124E15-24F4-038D-21AE-D7BCB8936545}"
EndProject
Project("{FAE04EC0-301F-11D3-BF4B-00C04F79EFBC}") = "Unity.Timeline", "Unity.Timeline.csproj", "{0F4D2414-E520-6662-CB3F-88F72B2DDF51}"
EndProject
Project("{FAE04EC0-301F-11D3-BF4B-00C04F79EFBC}") = "Unity.Services.Core.Environments", "Unity.Services.Core.Environments.csproj", "{22D700BA-4FCD-3148-356B-5B4A3ADAE64F}"
EndProject
Project("{FAE04EC0-301F-11D3-BF4B-00C04F79EFBC}") = "Unity.Services.Core.Internal", "Unity.Services.Core.Internal.csproj", "{2BA643F1-0CA1-90BB-BFAD-A6869815D2AC}"
EndProject
Project("{FAE04EC0-301F-11D3-BF4B-00C04F79EFBC}") = "Unity.Services.Core.Analytics", "Unity.Services.Core.Analytics.csproj", "{A682F35C-4C47-AF75-668C-EC61B2BD8990}"
EndProject
Project("{FAE04EC0-301F-11D3-BF4B-00C04F79EFBC}") = "Unity.2D.SpriteShape.Runtime", "Unity.2D.SpriteShape.Runtime.csproj", "{9793EE22-BE62-8CED-4416-400C4FB60BEB}"
EndProject
Project("{FAE04EC0-301F-11D3-BF4B-00C04F79EFBC}") = "Unity.Services.Core.Scheduler", "Unity.Services.Core.Scheduler.csproj", "{D7A82DF0-8394-2E6E-D756-9E49043B9807}"
EndProject
Project("{FAE04EC0-301F-11D3-BF4B-00C04F79EFBC}") = "Unity.Services.Core.Registration", "Unity.Services.Core.Registration.csproj", "{C32F8E57-06FC-28EA-FD44-26127C754539}"
EndProject
Project("{FAE04EC0-301F-11D3-BF4B-00C04F79EFBC}") = "Unity.2D.PixelPerfect", "Unity.2D.PixelPerfect.csproj", "{50FF7887-8DD6-3C1D-3279-181C0879BC7D}"
EndProject
Project("{FAE04EC0-301F-11D3-BF4B-00C04F79EFBC}") = "Unity.2D.Common.Runtime", "Unity.2D.Common.Runtime.csproj", "{4C9B2068-2701-EA51-3E93-B482B2CD9910}"
EndProject
Project("{FAE04EC0-301F-11D3-BF4B-00C04F79EFBC}") = "Unity.2D.IK.Runtime", "Unity.2D.IK.Runtime.csproj", "{FF72A344-5161-7428-D782-5DA33DC0122E}"
EndProject
Project("{FAE04EC0-301F-11D3-BF4B-00C04F79EFBC}") = "Unity.Services.Core.Device", "Unity.Services.Core.Device.csproj", "{4A67511B-C34B-FB9C-5FE5-FF35646E6296}"
EndProject
Project("{FAE04EC0-301F-11D3-BF4B-00C04F79EFBC}") = "Unity.Services.Core.Threading", "Unity.Services.Core.Threading.csproj", "{822438AA-EC3D-27FF-5DD2-FB3F10E5D637}"
EndProject
Project("{FAE04EC0-301F-11D3-BF4B-00C04F79EFBC}") = "Unity.2D.Tilemap.Extras", "Unity.2D.Tilemap.Extras.csproj", "{584163F5-EC53-EB67-5004-5596658F5762}"
EndProject
Project("{FAE04EC0-301F-11D3-BF4B-00C04F79EFBC}") = "Unity.Services.Core.Networking", "Unity.Services.Core.Networking.csproj", "{4390B9DF-127C-405B-A53A-57872801F8F5}"
EndProject
Project("{FAE04EC0-301F-11D3-BF4B-00C04F79EFBC}") = "Unity.Services.Core", "Unity.Services.Core.csproj", "{9F900A3F-3ED0-7817-D0D3-F87628D67624}"
EndProject
Project("{FAE04EC0-301F-11D3-BF4B-00C04F79EFBC}") = "Unity.InternalAPIEngineBridge.001", "Unity.InternalAPIEngineBridge.001.csproj", "{671F9D6F-E5D0-0D47-F53E-47CD50E41CA4}"
EndProject
Project("{FAE04EC0-301F-11D3-BF4B-00C04F79EFBC}") = "Unity.Services.Core.Configuration", "Unity.Services.Core.Configuration.csproj", "{4EB2A920-E4D8-53A8-21D7-B5B2913233C0}"
EndProject
Project("{FAE04EC0-301F-11D3-BF4B-00C04F79EFBC}") = "Unity.PlasticSCM.Editor", "Unity.PlasticSCM.Editor.csproj", "{D562A497-1517-35C4-B19A-8B6866511E17}"
EndProject
Project("{FAE04EC0-301F-11D3-BF4B-00C04F79EFBC}") = "Unity.VisualScripting.Core.Editor", "Unity.VisualScripting.Core.Editor.csproj", "{65DF705A-8508-3D59-A9FF-7600E38850D8}"
EndProject
Project("{FAE04EC0-301F-11D3-BF4B-00C04F79EFBC}") = "Unity.VisualScripting.Flow.Editor", "Unity.VisualScripting.Flow.Editor.csproj", "{2D6E90A5-BC2D-66F9-5BE3-A65A6350FBC6}"
EndProject
Project("{FAE04EC0-301F-11D3-BF4B-00C04F79EFBC}") = "Unity.VisualStudio.Editor", "Unity.VisualStudio.Editor.csproj", "{27E34B6C-2BF6-462F-4997-E48796AE7800}"
EndProject
Project("{FAE04EC0-301F-11D3-BF4B-00C04F79EFBC}") = "Unity.Timeline.Editor", "Unity.Timeline.Editor.csproj", "{3DCAFBD1-0FCC-44D4-2927-CF0A171BC5CB}"
EndProject
Project("{FAE04EC0-301F-11D3-BF4B-00C04F79EFBC}") = "Unity.VisualScripting.State.Editor", "Unity.VisualScripting.State.Editor.csproj", "{AD067F39-96BD-23F8-5CE5-4CAAAE61B363}"
EndProject
Project("{FAE04EC0-301F-11D3-BF4B-00C04F79EFBC}") = "Unity.TextMeshPro.Editor", "Unity.TextMeshPro.Editor.csproj", "{7C4BD8D2-97C3-3BBA-39C2-11CAD4CC92B3}"
EndProject
Project("{FAE04EC0-301F-11D3-BF4B-00C04F79EFBC}") = "Unity.2D.Animation.Editor", "Unity.2D.Animation.Editor.csproj", "{4717D47C-F8CD-DA31-3259-D90409428BE1}"
EndProject
Project("{FAE04EC0-301F-11D3-BF4B-00C04F79EFBC}") = "Unity.VisualScripting.SettingsProvider.Editor", "Unity.VisualScripting.SettingsProvider.Editor.csproj", "{38BA0DA1-5AC0-E197-B5C0-D3CD2FFCD824}"
EndProject
Project("{FAE04EC0-301F-11D3-BF4B-00C04F79EFBC}") = "Unity.CollabProxy.Editor", "Unity.CollabProxy.Editor.csproj", "{0B5A68D1-B3B7-D8D4-E731-941ADFD53798}"
EndProject
Project("{FAE04EC0-301F-11D3-BF4B-00C04F79EFBC}") = "UnityEditor.TestRunner", "UnityEditor.TestRunner.csproj", "{FA78407C-2340-01AD-25EF-F33FD60001F0}"
EndProject
Project("{FAE04EC0-301F-11D3-BF4B-00C04F79EFBC}") = "Unity.2D.Tilemap.Editor", "Unity.2D.Tilemap.Editor.csproj", "{3A3AB3BB-2F80-0F99-A673-9B81956FDE34}"
EndProject
Project("{FAE04EC0-301F-11D3-BF4B-00C04F79EFBC}") = "Unity.Services.Core.Editor", "Unity.Services.Core.Editor.csproj", "{84DE4DF8-59E5-F49D-9B7A-AA2CE4BB2B45}"
EndProject
Project("{FAE04EC0-301F-11D3-BF4B-00C04F79EFBC}") = "Unity.Rider.Editor", "Unity.Rider.Editor.csproj", "{59C10DC2-FC24-2521-E525-B24BAF65CBD7}"
EndProject
Project("{FAE04EC0-301F-11D3-BF4B-00C04F79EFBC}") = "Unity.2D.Path.Editor", "Unity.2D.Path.Editor.csproj", "{0181449A-071B-9D36-EF45-0055FB266584}"
EndProject
Project("{FAE04EC0-301F-11D3-BF4B-00C04F79EFBC}") = "PsdPlugin", "PsdPlugin.csproj", "{7CE36677-EDF9-058D-05C8-C42DC3C6A010}"
EndProject
Project("{FAE04EC0-301F-11D3-BF4B-00C04F79EFBC}") = "Unity.2D.IK.Editor", "Unity.2D.IK.Editor.csproj", "{61E1EF77-451A-70CD-D466-8E8E68E9B57F}"
EndProject
Project("{FAE04EC0-301F-11D3-BF4B-00C04F79EFBC}") = "Unity.2D.Psdimporter.Editor", "Unity.2D.Psdimporter.Editor.csproj", "{4AA55BD5-0E09-AA3B-A4A4-9282E80220E7}"
EndProject
Project("{FAE04EC0-301F-11D3-BF4B-00C04F79EFBC}") = "Unity.2D.SpriteShape.Editor", "Unity.2D.SpriteShape.Editor.csproj", "{76B4A080-B340-1351-247B-EF56C3585422}"
EndProject
Project("{FAE04EC0-301F-11D3-BF4B-00C04F79EFBC}") = "Unity.Burst.CodeGen", "Unity.Burst.CodeGen.csproj", "{D01AD04E-8C02-C4B3-8D4C-3E0873B9B0A2}"
EndProject
Project("{FAE04EC0-301F-11D3-BF4B-00C04F79EFBC}") = "Unity.2D.PixelPerfect.Editor", "Unity.2D.PixelPerfect.Editor.csproj", "{C4BD2689-4502-C6A2-B512-41B3FC39AF10}"
EndProject
Project("{FAE04EC0-301F-11D3-BF4B-00C04F79EFBC}") = "Unity.VSCode.Editor", "Unity.VSCode.Editor.csproj", "{EE1973C9-B4A9-D2B4-A118-F2F32C2A3A2F}"
EndProject
Project("{FAE04EC0-301F-11D3-BF4B-00C04F79EFBC}") = "Unity.2D.Sprite.Editor", "Unity.2D.Sprite.Editor.csproj", "{99C82EC5-A5C1-ABDA-B8DA-E62BB12D06F6}"
EndProject
Project("{FAE04EC0-301F-11D3-BF4B-00C04F79EFBC}") = "UnityEditor.UI", "UnityEditor.UI.csproj", "{2C31C1FE-F1B3-CE05-263C-3A9353990D1F}"
EndProject
Project("{FAE04EC0-301F-11D3-BF4B-00C04F79EFBC}") = "Unity.2D.Common.Editor", "Unity.2D.Common.Editor.csproj", "{F7608845-97B3-B6AD-B718-218724C10799}"
EndProject
Project("{FAE04EC0-301F-11D3-BF4B-00C04F79EFBC}") = "Unity.Mathematics.Editor", "Unity.Mathematics.Editor.csproj", "{DAB27668-4539-D9BF-96F1-EA0E64AE83DD}"
EndProject
Project("{FAE04EC0-301F-11D3-BF4B-00C04F79EFBC}") = "Unity.Services.Core.Configuration.Editor", "Unity.Services.Core.Configuration.Editor.csproj", "{54B97000-BD62-D7F0-67E0-85F20131014D}"
EndProject
Project("{FAE04EC0-301F-11D3-BF4B-00C04F79EFBC}") = "Unity.2D.Tilemap.Extras.Editor", "Unity.2D.Tilemap.Extras.Editor.csproj", "{3F019136-F40E-EA5D-4543-EDCDE0A9B110}"
EndProject
Project("{FAE04EC0-301F-11D3-BF4B-00C04F79EFBC}") = "Unity.Burst.Editor", "Unity.Burst.Editor.csproj", "{C98BB77B-C381-6F82-D4D4-829C73B7C5EA}"
EndProject
Project("{FAE04EC0-301F-11D3-BF4B-00C04F79EFBC}") = "Unity.InternalAPIEditorBridge.001", "Unity.InternalAPIEditorBridge.001.csproj", "{581C7620-2ECD-6106-9D34-13A20DD2A467}"
EndProject
Project("{FAE04EC0-301F-11D3-BF4B-00C04F79EFBC}") = "Unity.VisualScripting.Shared.Editor", "Unity.VisualScripting.Shared.Editor.csproj", "{4E4FE79A-5593-EBA5-7CCB-5BCA7B704131}"
EndProject
Project("{FAE04EC0-301F-11D3-BF4B-00C04F79EFBC}") = "UnityEngine.UI", "UnityEngine.UI.Player.csproj", "{ED293A0F-1A4A-4D9F-8038-B9C8226BDB88}"
EndProject
Project("{FAE04EC0-301F-11D3-BF4B-00C04F79EFBC}") = "UnityEngine.TestRunner", "UnityEngine.TestRunner.Player.csproj", "{551C097F-E579-7B9A-47E9-3D3166086C49}"
EndProject
Project("{FAE04EC0-301F-11D3-BF4B-00C04F79EFBC}") = "Unity.VisualScripting.Flow", "Unity.VisualScripting.Flow.Player.csproj", "{32BFB8FB-ECA6-C317-FAD0-D4F6AA4CA9EF}"
EndProject
Project("{FAE04EC0-301F-11D3-BF4B-00C04F79EFBC}") = "Unity.Mathematics", "Unity.Mathematics.Player.csproj", "{EC490D70-2D5A-05C8-016F-B8EA5C616CEC}"
EndProject
Project("{FAE04EC0-301F-11D3-BF4B-00C04F79EFBC}") = "Unity.Services.Core.Telemetry", "Unity.Services.Core.Telemetry.Player.csproj", "{89E30D26-C784-AEB7-F8D8-6F98E7B2C917}"
EndProject
Project("{FAE04EC0-301F-11D3-BF4B-00C04F79EFBC}") = "Unity.VisualScripting.State", "Unity.VisualScripting.State.Player.csproj", "{EED1DE29-6AA6-9158-15C1-46AFE3D69C82}"
EndProject
Project("{FAE04EC0-301F-11D3-BF4B-00C04F79EFBC}") = "Unity.VisualScripting.Core", "Unity.VisualScripting.Core.Player.csproj", "{FD823586-8B84-B34E-1FF6-85182A4A4E7D}"
EndProject
Project("{FAE04EC0-301F-11D3-BF4B-00C04F79EFBC}") = "Unity.Services.Core.Environments.Internal", "Unity.Services.Core.Environments.Internal.Player.csproj", "{9F68ABD6-F906-B89F-A9B9-B7273C201765}"
EndProject
Project("{FAE04EC0-301F-11D3-BF4B-00C04F79EFBC}") = "Unity.Burst", "Unity.Burst.Player.csproj", "{D94ACB20-805A-BA8B-DF50-C654CB2C7EE4}"
EndProject
Project("{FAE04EC0-301F-11D3-BF4B-00C04F79EFBC}") = "Unity.2D.Animation.Runtime", "Unity.2D.Animation.Runtime.Player.csproj", "{5E33357E-C711-F716-2527-F76C6D44C4FA}"
EndProject
Project("{FAE04EC0-301F-11D3-BF4B-00C04F79EFBC}") = "Unity.TextMeshPro", "Unity.TextMeshPro.Player.csproj", "{6143B46D-E611-9EB9-2ABD-1AEF28269B13}"
EndProject
Project("{FAE04EC0-301F-11D3-BF4B-00C04F79EFBC}") = "Assembly-CSharp", "Assembly-CSharp.Player.csproj", "{80B05103-65D4-4863-1651-71562B16024F}"
EndProject
Project("{FAE04EC0-301F-11D3-BF4B-00C04F79EFBC}") = "Unity.Timeline", "Unity.Timeline.Player.csproj", "{FFC6AC7B-A6E5-5A0C-C573-18D1FD505C71}"
EndProject
Project("{FAE04EC0-301F-11D3-BF4B-00C04F79EFBC}") = "Unity.Services.Core.Environments", "Unity.Services.Core.Environments.Player.csproj", "{341C1CBD-E901-6418-EAF3-7F5CA65663D2}"
EndProject
Project("{FAE04EC0-301F-11D3-BF4B-00C04F79EFBC}") = "Unity.Services.Core.Internal", "Unity.Services.Core.Internal.Player.csproj", "{6BE2EDF4-DF4E-E289-125C-F193F504417D}"
EndProject
Project("{FAE04EC0-301F-11D3-BF4B-00C04F79EFBC}") = "Unity.Services.Core.Analytics", "Unity.Services.Core.Analytics.Player.csproj", "{C6DB19CA-82FC-70A8-2439-C2D57D66473D}"
EndProject
Project("{FAE04EC0-301F-11D3-BF4B-00C04F79EFBC}") = "Unity.2D.SpriteShape.Runtime", "Unity.2D.SpriteShape.Runtime.Player.csproj", "{F1A0C53C-56D0-971F-3D89-6761B64B4C20}"
EndProject
Project("{FAE04EC0-301F-11D3-BF4B-00C04F79EFBC}") = "Unity.Services.Core.Scheduler", "Unity.Services.Core.Scheduler.Player.csproj", "{046E8FE3-5243-0979-4F7B-D06499F44714}"
EndProject
Project("{FAE04EC0-301F-11D3-BF4B-00C04F79EFBC}") = "Unity.Services.Core.Registration", "Unity.Services.Core.Registration.Player.csproj", "{DFFD4E9F-8039-DDF1-5294-FA07DB014220}"
EndProject
Project("{FAE04EC0-301F-11D3-BF4B-00C04F79EFBC}") = "Unity.2D.PixelPerfect", "Unity.2D.PixelPerfect.Player.csproj", "{52077516-7EFB-EBB8-1106-515895C99489}"
EndProject
Project("{FAE04EC0-301F-11D3-BF4B-00C04F79EFBC}") = "Unity.2D.Common.Runtime", "Unity.2D.Common.Runtime.Player.csproj", "{82363B6E-4015-4AB5-3BE2-27595ECE0A27}"
EndProject
Project("{FAE04EC0-301F-11D3-BF4B-00C04F79EFBC}") = "Unity.2D.IK.Runtime", "Unity.2D.IK.Runtime.Player.csproj", "{92FFC6C7-BADC-573B-62E5-BEDC901C174F}"
EndProject
Project("{FAE04EC0-301F-11D3-BF4B-00C04F79EFBC}") = "Unity.Services.Core.Device", "Unity.Services.Core.Device.Player.csproj", "{5ECFFA0B-C5F1-193A-90BE-EFBFC6785803}"
EndProject
Project("{FAE04EC0-301F-11D3-BF4B-00C04F79EFBC}") = "Unity.Services.Core.Threading", "Unity.Services.Core.Threading.Player.csproj", "{11D154C2-546E-EE77-1E93-2CB1F0C3EF13}"
EndProject
Project("{FAE04EC0-301F-11D3-BF4B-00C04F79EFBC}") = "Unity.2D.Tilemap.Extras", "Unity.2D.Tilemap.Extras.Player.csproj", "{DC39D778-BCDC-8843-F1FA-98429BA5DB15}"
EndProject
Project("{FAE04EC0-301F-11D3-BF4B-00C04F79EFBC}") = "Unity.Services.Core.Networking", "Unity.Services.Core.Networking.Player.csproj", "{D7DF584C-014F-00E8-1B89-BA90F163D8CC}"
EndProject
Project("{FAE04EC0-301F-11D3-BF4B-00C04F79EFBC}") = "Unity.Services.Core", "Unity.Services.Core.Player.csproj", "{B76A7019-4F74-5475-3C68-EF8E44F14499}"
EndProject
Project("{FAE04EC0-301F-11D3-BF4B-00C04F79EFBC}") = "Unity.InternalAPIEngineBridge.001", "Unity.InternalAPIEngineBridge.001.Player.csproj", "{F36F0168-0FC5-4484-5BEC-D4473E542FB2}"
EndProject
Project("{FAE04EC0-301F-11D3-BF4B-00C04F79EFBC}") = "Unity.Services.Core.Configuration", "Unity.Services.Core.Configuration.Player.csproj", "{7E6F85BC-D78C-41FE-04E4-726DACA8BFD7}"
EndProject
Global
	GlobalSection(SolutionConfigurationPlatforms) = preSolution
		Debug|Any CPU = Debug|Any CPU
		Release|Any CPU = Release|Any CPU
	EndGlobalSection
	GlobalSection(ProjectConfigurationPlatforms) = postSolution
		{12209DE0-0E0E-B7D4-3071-A3F185AC304B}.Debug|Any CPU.ActiveCfg = Debug|Any CPU
		{12209DE0-0E0E-B7D4-3071-A3F185AC304B}.Debug|Any CPU.Build.0 = Debug|Any CPU
		{12209DE0-0E0E-B7D4-3071-A3F185AC304B}.Release|Any CPU.ActiveCfg = Release|Any CPU
		{12209DE0-0E0E-B7D4-3071-A3F185AC304B}.Release|Any CPU.Build.0 = Release|Any CPU
		{E3477E08-639D-B314-837D-2934B237974E}.Debug|Any CPU.ActiveCfg = Debug|Any CPU
		{E3477E08-639D-B314-837D-2934B237974E}.Debug|Any CPU.Build.0 = Debug|Any CPU
		{E3477E08-639D-B314-837D-2934B237974E}.Release|Any CPU.ActiveCfg = Release|Any CPU
		{E3477E08-639D-B314-837D-2934B237974E}.Release|Any CPU.Build.0 = Release|Any CPU
		{B511A861-F464-22FC-C847-5B43D3764F5A}.Debug|Any CPU.ActiveCfg = Debug|Any CPU
		{B511A861-F464-22FC-C847-5B43D3764F5A}.Debug|Any CPU.Build.0 = Debug|Any CPU
		{B511A861-F464-22FC-C847-5B43D3764F5A}.Release|Any CPU.ActiveCfg = Release|Any CPU
		{B511A861-F464-22FC-C847-5B43D3764F5A}.Release|Any CPU.Build.0 = Release|Any CPU
		{311C75C6-D84A-B76A-54DA-A922B0802602}.Debug|Any CPU.ActiveCfg = Debug|Any CPU
		{311C75C6-D84A-B76A-54DA-A922B0802602}.Debug|Any CPU.Build.0 = Debug|Any CPU
		{311C75C6-D84A-B76A-54DA-A922B0802602}.Release|Any CPU.ActiveCfg = Release|Any CPU
		{311C75C6-D84A-B76A-54DA-A922B0802602}.Release|Any CPU.Build.0 = Release|Any CPU
		{DDBA37C5-5F96-8A3A-83D7-64AE5A1374C2}.Debug|Any CPU.ActiveCfg = Debug|Any CPU
		{DDBA37C5-5F96-8A3A-83D7-64AE5A1374C2}.Debug|Any CPU.Build.0 = Debug|Any CPU
		{DDBA37C5-5F96-8A3A-83D7-64AE5A1374C2}.Release|Any CPU.ActiveCfg = Release|Any CPU
		{DDBA37C5-5F96-8A3A-83D7-64AE5A1374C2}.Release|Any CPU.Build.0 = Release|Any CPU
		{D81164A4-CA46-1918-301B-F523CF1DBB36}.Debug|Any CPU.ActiveCfg = Debug|Any CPU
		{D81164A4-CA46-1918-301B-F523CF1DBB36}.Debug|Any CPU.Build.0 = Debug|Any CPU
		{D81164A4-CA46-1918-301B-F523CF1DBB36}.Release|Any CPU.ActiveCfg = Release|Any CPU
		{D81164A4-CA46-1918-301B-F523CF1DBB36}.Release|Any CPU.Build.0 = Release|Any CPU
		{F3E1FAD6-3793-CE7D-103F-57B3B9EEF4B4}.Debug|Any CPU.ActiveCfg = Debug|Any CPU
		{F3E1FAD6-3793-CE7D-103F-57B3B9EEF4B4}.Debug|Any CPU.Build.0 = Debug|Any CPU
		{F3E1FAD6-3793-CE7D-103F-57B3B9EEF4B4}.Release|Any CPU.ActiveCfg = Release|Any CPU
		{F3E1FAD6-3793-CE7D-103F-57B3B9EEF4B4}.Release|Any CPU.Build.0 = Release|Any CPU
		{E822C676-EE09-F12E-40F7-075DD33641F8}.Debug|Any CPU.ActiveCfg = Debug|Any CPU
		{E822C676-EE09-F12E-40F7-075DD33641F8}.Debug|Any CPU.Build.0 = Debug|Any CPU
		{E822C676-EE09-F12E-40F7-075DD33641F8}.Release|Any CPU.ActiveCfg = Release|Any CPU
		{E822C676-EE09-F12E-40F7-075DD33641F8}.Release|Any CPU.Build.0 = Release|Any CPU
		{F43F8E2C-C84F-DBC4-04CD-3172107F3B6A}.Debug|Any CPU.ActiveCfg = Debug|Any CPU
		{F43F8E2C-C84F-DBC4-04CD-3172107F3B6A}.Debug|Any CPU.Build.0 = Debug|Any CPU
		{F43F8E2C-C84F-DBC4-04CD-3172107F3B6A}.Release|Any CPU.ActiveCfg = Release|Any CPU
		{F43F8E2C-C84F-DBC4-04CD-3172107F3B6A}.Release|Any CPU.Build.0 = Release|Any CPU
		{EEDDA87A-E2C8-F928-C3B3-A3A7BEC569F6}.Debug|Any CPU.ActiveCfg = Debug|Any CPU
		{EEDDA87A-E2C8-F928-C3B3-A3A7BEC569F6}.Debug|Any CPU.Build.0 = Debug|Any CPU
		{EEDDA87A-E2C8-F928-C3B3-A3A7BEC569F6}.Release|Any CPU.ActiveCfg = Release|Any CPU
		{EEDDA87A-E2C8-F928-C3B3-A3A7BEC569F6}.Release|Any CPU.Build.0 = Release|Any CPU
		{2647C314-7EFC-19A6-7E2F-FF738E144D8E}.Debug|Any CPU.ActiveCfg = Debug|Any CPU
		{2647C314-7EFC-19A6-7E2F-FF738E144D8E}.Debug|Any CPU.Build.0 = Debug|Any CPU
		{2647C314-7EFC-19A6-7E2F-FF738E144D8E}.Release|Any CPU.ActiveCfg = Release|Any CPU
		{2647C314-7EFC-19A6-7E2F-FF738E144D8E}.Release|Any CPU.Build.0 = Release|Any CPU
		{01124E15-24F4-038D-21AE-D7BCB8936545}.Debug|Any CPU.ActiveCfg = Debug|Any CPU
		{01124E15-24F4-038D-21AE-D7BCB8936545}.Debug|Any CPU.Build.0 = Debug|Any CPU
		{01124E15-24F4-038D-21AE-D7BCB8936545}.Release|Any CPU.ActiveCfg = Release|Any CPU
		{01124E15-24F4-038D-21AE-D7BCB8936545}.Release|Any CPU.Build.0 = Release|Any CPU
		{0F4D2414-E520-6662-CB3F-88F72B2DDF51}.Debug|Any CPU.ActiveCfg = Debug|Any CPU
		{0F4D2414-E520-6662-CB3F-88F72B2DDF51}.Debug|Any CPU.Build.0 = Debug|Any CPU
		{0F4D2414-E520-6662-CB3F-88F72B2DDF51}.Release|Any CPU.ActiveCfg = Release|Any CPU
		{0F4D2414-E520-6662-CB3F-88F72B2DDF51}.Release|Any CPU.Build.0 = Release|Any CPU
		{22D700BA-4FCD-3148-356B-5B4A3ADAE64F}.Debug|Any CPU.ActiveCfg = Debug|Any CPU
		{22D700BA-4FCD-3148-356B-5B4A3ADAE64F}.Debug|Any CPU.Build.0 = Debug|Any CPU
		{22D700BA-4FCD-3148-356B-5B4A3ADAE64F}.Release|Any CPU.ActiveCfg = Release|Any CPU
		{22D700BA-4FCD-3148-356B-5B4A3ADAE64F}.Release|Any CPU.Build.0 = Release|Any CPU
		{2BA643F1-0CA1-90BB-BFAD-A6869815D2AC}.Debug|Any CPU.ActiveCfg = Debug|Any CPU
		{2BA643F1-0CA1-90BB-BFAD-A6869815D2AC}.Debug|Any CPU.Build.0 = Debug|Any CPU
		{2BA643F1-0CA1-90BB-BFAD-A6869815D2AC}.Release|Any CPU.ActiveCfg = Release|Any CPU
		{2BA643F1-0CA1-90BB-BFAD-A6869815D2AC}.Release|Any CPU.Build.0 = Release|Any CPU
		{A682F35C-4C47-AF75-668C-EC61B2BD8990}.Debug|Any CPU.ActiveCfg = Debug|Any CPU
		{A682F35C-4C47-AF75-668C-EC61B2BD8990}.Debug|Any CPU.Build.0 = Debug|Any CPU
		{A682F35C-4C47-AF75-668C-EC61B2BD8990}.Release|Any CPU.ActiveCfg = Release|Any CPU
		{A682F35C-4C47-AF75-668C-EC61B2BD8990}.Release|Any CPU.Build.0 = Release|Any CPU
		{9793EE22-BE62-8CED-4416-400C4FB60BEB}.Debug|Any CPU.ActiveCfg = Debug|Any CPU
		{9793EE22-BE62-8CED-4416-400C4FB60BEB}.Debug|Any CPU.Build.0 = Debug|Any CPU
		{9793EE22-BE62-8CED-4416-400C4FB60BEB}.Release|Any CPU.ActiveCfg = Release|Any CPU
		{9793EE22-BE62-8CED-4416-400C4FB60BEB}.Release|Any CPU.Build.0 = Release|Any CPU
		{D7A82DF0-8394-2E6E-D756-9E49043B9807}.Debug|Any CPU.ActiveCfg = Debug|Any CPU
		{D7A82DF0-8394-2E6E-D756-9E49043B9807}.Debug|Any CPU.Build.0 = Debug|Any CPU
		{D7A82DF0-8394-2E6E-D756-9E49043B9807}.Release|Any CPU.ActiveCfg = Release|Any CPU
		{D7A82DF0-8394-2E6E-D756-9E49043B9807}.Release|Any CPU.Build.0 = Release|Any CPU
		{C32F8E57-06FC-28EA-FD44-26127C754539}.Debug|Any CPU.ActiveCfg = Debug|Any CPU
		{C32F8E57-06FC-28EA-FD44-26127C754539}.Debug|Any CPU.Build.0 = Debug|Any CPU
		{C32F8E57-06FC-28EA-FD44-26127C754539}.Release|Any CPU.ActiveCfg = Release|Any CPU
		{C32F8E57-06FC-28EA-FD44-26127C754539}.Release|Any CPU.Build.0 = Release|Any CPU
		{50FF7887-8DD6-3C1D-3279-181C0879BC7D}.Debug|Any CPU.ActiveCfg = Debug|Any CPU
		{50FF7887-8DD6-3C1D-3279-181C0879BC7D}.Debug|Any CPU.Build.0 = Debug|Any CPU
		{50FF7887-8DD6-3C1D-3279-181C0879BC7D}.Release|Any CPU.ActiveCfg = Release|Any CPU
		{50FF7887-8DD6-3C1D-3279-181C0879BC7D}.Release|Any CPU.Build.0 = Release|Any CPU
		{4C9B2068-2701-EA51-3E93-B482B2CD9910}.Debug|Any CPU.ActiveCfg = Debug|Any CPU
		{4C9B2068-2701-EA51-3E93-B482B2CD9910}.Debug|Any CPU.Build.0 = Debug|Any CPU
		{4C9B2068-2701-EA51-3E93-B482B2CD9910}.Release|Any CPU.ActiveCfg = Release|Any CPU
		{4C9B2068-2701-EA51-3E93-B482B2CD9910}.Release|Any CPU.Build.0 = Release|Any CPU
		{FF72A344-5161-7428-D782-5DA33DC0122E}.Debug|Any CPU.ActiveCfg = Debug|Any CPU
		{FF72A344-5161-7428-D782-5DA33DC0122E}.Debug|Any CPU.Build.0 = Debug|Any CPU
		{FF72A344-5161-7428-D782-5DA33DC0122E}.Release|Any CPU.ActiveCfg = Release|Any CPU
		{FF72A344-5161-7428-D782-5DA33DC0122E}.Release|Any CPU.Build.0 = Release|Any CPU
		{4A67511B-C34B-FB9C-5FE5-FF35646E6296}.Debug|Any CPU.ActiveCfg = Debug|Any CPU
		{4A67511B-C34B-FB9C-5FE5-FF35646E6296}.Debug|Any CPU.Build.0 = Debug|Any CPU
		{4A67511B-C34B-FB9C-5FE5-FF35646E6296}.Release|Any CPU.ActiveCfg = Release|Any CPU
		{4A67511B-C34B-FB9C-5FE5-FF35646E6296}.Release|Any CPU.Build.0 = Release|Any CPU
		{822438AA-EC3D-27FF-5DD2-FB3F10E5D637}.Debug|Any CPU.ActiveCfg = Debug|Any CPU
		{822438AA-EC3D-27FF-5DD2-FB3F10E5D637}.Debug|Any CPU.Build.0 = Debug|Any CPU
		{822438AA-EC3D-27FF-5DD2-FB3F10E5D637}.Release|Any CPU.ActiveCfg = Release|Any CPU
		{822438AA-EC3D-27FF-5DD2-FB3F10E5D637}.Release|Any CPU.Build.0 = Release|Any CPU
		{584163F5-EC53-EB67-5004-5596658F5762}.Debug|Any CPU.ActiveCfg = Debug|Any CPU
		{584163F5-EC53-EB67-5004-5596658F5762}.Debug|Any CPU.Build.0 = Debug|Any CPU
		{584163F5-EC53-EB67-5004-5596658F5762}.Release|Any CPU.ActiveCfg = Release|Any CPU
		{584163F5-EC53-EB67-5004-5596658F5762}.Release|Any CPU.Build.0 = Release|Any CPU
		{4390B9DF-127C-405B-A53A-57872801F8F5}.Debug|Any CPU.ActiveCfg = Debug|Any CPU
		{4390B9DF-127C-405B-A53A-57872801F8F5}.Debug|Any CPU.Build.0 = Debug|Any CPU
		{4390B9DF-127C-405B-A53A-57872801F8F5}.Release|Any CPU.ActiveCfg = Release|Any CPU
		{4390B9DF-127C-405B-A53A-57872801F8F5}.Release|Any CPU.Build.0 = Release|Any CPU
		{9F900A3F-3ED0-7817-D0D3-F87628D67624}.Debug|Any CPU.ActiveCfg = Debug|Any CPU
		{9F900A3F-3ED0-7817-D0D3-F87628D67624}.Debug|Any CPU.Build.0 = Debug|Any CPU
		{9F900A3F-3ED0-7817-D0D3-F87628D67624}.Release|Any CPU.ActiveCfg = Release|Any CPU
		{9F900A3F-3ED0-7817-D0D3-F87628D67624}.Release|Any CPU.Build.0 = Release|Any CPU
		{671F9D6F-E5D0-0D47-F53E-47CD50E41CA4}.Debug|Any CPU.ActiveCfg = Debug|Any CPU
		{671F9D6F-E5D0-0D47-F53E-47CD50E41CA4}.Debug|Any CPU.Build.0 = Debug|Any CPU
		{671F9D6F-E5D0-0D47-F53E-47CD50E41CA4}.Release|Any CPU.ActiveCfg = Release|Any CPU
		{671F9D6F-E5D0-0D47-F53E-47CD50E41CA4}.Release|Any CPU.Build.0 = Release|Any CPU
		{4EB2A920-E4D8-53A8-21D7-B5B2913233C0}.Debug|Any CPU.ActiveCfg = Debug|Any CPU
		{4EB2A920-E4D8-53A8-21D7-B5B2913233C0}.Debug|Any CPU.Build.0 = Debug|Any CPU
		{4EB2A920-E4D8-53A8-21D7-B5B2913233C0}.Release|Any CPU.ActiveCfg = Release|Any CPU
		{4EB2A920-E4D8-53A8-21D7-B5B2913233C0}.Release|Any CPU.Build.0 = Release|Any CPU
		{D562A497-1517-35C4-B19A-8B6866511E17}.Debug|Any CPU.ActiveCfg = Debug|Any CPU
		{D562A497-1517-35C4-B19A-8B6866511E17}.Debug|Any CPU.Build.0 = Debug|Any CPU
		{D562A497-1517-35C4-B19A-8B6866511E17}.Release|Any CPU.ActiveCfg = Release|Any CPU
		{D562A497-1517-35C4-B19A-8B6866511E17}.Release|Any CPU.Build.0 = Release|Any CPU
		{65DF705A-8508-3D59-A9FF-7600E38850D8}.Debug|Any CPU.ActiveCfg = Debug|Any CPU
		{65DF705A-8508-3D59-A9FF-7600E38850D8}.Debug|Any CPU.Build.0 = Debug|Any CPU
		{65DF705A-8508-3D59-A9FF-7600E38850D8}.Release|Any CPU.ActiveCfg = Release|Any CPU
		{65DF705A-8508-3D59-A9FF-7600E38850D8}.Release|Any CPU.Build.0 = Release|Any CPU
		{2D6E90A5-BC2D-66F9-5BE3-A65A6350FBC6}.Debug|Any CPU.ActiveCfg = Debug|Any CPU
		{2D6E90A5-BC2D-66F9-5BE3-A65A6350FBC6}.Debug|Any CPU.Build.0 = Debug|Any CPU
		{2D6E90A5-BC2D-66F9-5BE3-A65A6350FBC6}.Release|Any CPU.ActiveCfg = Release|Any CPU
		{2D6E90A5-BC2D-66F9-5BE3-A65A6350FBC6}.Release|Any CPU.Build.0 = Release|Any CPU
		{27E34B6C-2BF6-462F-4997-E48796AE7800}.Debug|Any CPU.ActiveCfg = Debug|Any CPU
		{27E34B6C-2BF6-462F-4997-E48796AE7800}.Debug|Any CPU.Build.0 = Debug|Any CPU
		{27E34B6C-2BF6-462F-4997-E48796AE7800}.Release|Any CPU.ActiveCfg = Release|Any CPU
		{27E34B6C-2BF6-462F-4997-E48796AE7800}.Release|Any CPU.Build.0 = Release|Any CPU
		{3DCAFBD1-0FCC-44D4-2927-CF0A171BC5CB}.Debug|Any CPU.ActiveCfg = Debug|Any CPU
		{3DCAFBD1-0FCC-44D4-2927-CF0A171BC5CB}.Debug|Any CPU.Build.0 = Debug|Any CPU
		{3DCAFBD1-0FCC-44D4-2927-CF0A171BC5CB}.Release|Any CPU.ActiveCfg = Release|Any CPU
		{3DCAFBD1-0FCC-44D4-2927-CF0A171BC5CB}.Release|Any CPU.Build.0 = Release|Any CPU
		{AD067F39-96BD-23F8-5CE5-4CAAAE61B363}.Debug|Any CPU.ActiveCfg = Debug|Any CPU
		{AD067F39-96BD-23F8-5CE5-4CAAAE61B363}.Debug|Any CPU.Build.0 = Debug|Any CPU
		{AD067F39-96BD-23F8-5CE5-4CAAAE61B363}.Release|Any CPU.ActiveCfg = Release|Any CPU
		{AD067F39-96BD-23F8-5CE5-4CAAAE61B363}.Release|Any CPU.Build.0 = Release|Any CPU
		{7C4BD8D2-97C3-3BBA-39C2-11CAD4CC92B3}.Debug|Any CPU.ActiveCfg = Debug|Any CPU
		{7C4BD8D2-97C3-3BBA-39C2-11CAD4CC92B3}.Debug|Any CPU.Build.0 = Debug|Any CPU
		{7C4BD8D2-97C3-3BBA-39C2-11CAD4CC92B3}.Release|Any CPU.ActiveCfg = Release|Any CPU
		{7C4BD8D2-97C3-3BBA-39C2-11CAD4CC92B3}.Release|Any CPU.Build.0 = Release|Any CPU
		{4717D47C-F8CD-DA31-3259-D90409428BE1}.Debug|Any CPU.ActiveCfg = Debug|Any CPU
		{4717D47C-F8CD-DA31-3259-D90409428BE1}.Debug|Any CPU.Build.0 = Debug|Any CPU
		{4717D47C-F8CD-DA31-3259-D90409428BE1}.Release|Any CPU.ActiveCfg = Release|Any CPU
		{4717D47C-F8CD-DA31-3259-D90409428BE1}.Release|Any CPU.Build.0 = Release|Any CPU
		{38BA0DA1-5AC0-E197-B5C0-D3CD2FFCD824}.Debug|Any CPU.ActiveCfg = Debug|Any CPU
		{38BA0DA1-5AC0-E197-B5C0-D3CD2FFCD824}.Debug|Any CPU.Build.0 = Debug|Any CPU
		{38BA0DA1-5AC0-E197-B5C0-D3CD2FFCD824}.Release|Any CPU.ActiveCfg = Release|Any CPU
		{38BA0DA1-5AC0-E197-B5C0-D3CD2FFCD824}.Release|Any CPU.Build.0 = Release|Any CPU
		{0B5A68D1-B3B7-D8D4-E731-941ADFD53798}.Debug|Any CPU.ActiveCfg = Debug|Any CPU
		{0B5A68D1-B3B7-D8D4-E731-941ADFD53798}.Debug|Any CPU.Build.0 = Debug|Any CPU
		{0B5A68D1-B3B7-D8D4-E731-941ADFD53798}.Release|Any CPU.ActiveCfg = Release|Any CPU
		{0B5A68D1-B3B7-D8D4-E731-941ADFD53798}.Release|Any CPU.Build.0 = Release|Any CPU
		{FA78407C-2340-01AD-25EF-F33FD60001F0}.Debug|Any CPU.ActiveCfg = Debug|Any CPU
		{FA78407C-2340-01AD-25EF-F33FD60001F0}.Debug|Any CPU.Build.0 = Debug|Any CPU
		{FA78407C-2340-01AD-25EF-F33FD60001F0}.Release|Any CPU.ActiveCfg = Release|Any CPU
		{FA78407C-2340-01AD-25EF-F33FD60001F0}.Release|Any CPU.Build.0 = Release|Any CPU
		{3A3AB3BB-2F80-0F99-A673-9B81956FDE34}.Debug|Any CPU.ActiveCfg = Debug|Any CPU
		{3A3AB3BB-2F80-0F99-A673-9B81956FDE34}.Debug|Any CPU.Build.0 = Debug|Any CPU
		{3A3AB3BB-2F80-0F99-A673-9B81956FDE34}.Release|Any CPU.ActiveCfg = Release|Any CPU
		{3A3AB3BB-2F80-0F99-A673-9B81956FDE34}.Release|Any CPU.Build.0 = Release|Any CPU
		{84DE4DF8-59E5-F49D-9B7A-AA2CE4BB2B45}.Debug|Any CPU.ActiveCfg = Debug|Any CPU
		{84DE4DF8-59E5-F49D-9B7A-AA2CE4BB2B45}.Debug|Any CPU.Build.0 = Debug|Any CPU
		{84DE4DF8-59E5-F49D-9B7A-AA2CE4BB2B45}.Release|Any CPU.ActiveCfg = Release|Any CPU
		{84DE4DF8-59E5-F49D-9B7A-AA2CE4BB2B45}.Release|Any CPU.Build.0 = Release|Any CPU
		{59C10DC2-FC24-2521-E525-B24BAF65CBD7}.Debug|Any CPU.ActiveCfg = Debug|Any CPU
		{59C10DC2-FC24-2521-E525-B24BAF65CBD7}.Debug|Any CPU.Build.0 = Debug|Any CPU
		{59C10DC2-FC24-2521-E525-B24BAF65CBD7}.Release|Any CPU.ActiveCfg = Release|Any CPU
		{59C10DC2-FC24-2521-E525-B24BAF65CBD7}.Release|Any CPU.Build.0 = Release|Any CPU
		{0181449A-071B-9D36-EF45-0055FB266584}.Debug|Any CPU.ActiveCfg = Debug|Any CPU
		{0181449A-071B-9D36-EF45-0055FB266584}.Debug|Any CPU.Build.0 = Debug|Any CPU
		{0181449A-071B-9D36-EF45-0055FB266584}.Release|Any CPU.ActiveCfg = Release|Any CPU
		{0181449A-071B-9D36-EF45-0055FB266584}.Release|Any CPU.Build.0 = Release|Any CPU
		{7CE36677-EDF9-058D-05C8-C42DC3C6A010}.Debug|Any CPU.ActiveCfg = Debug|Any CPU
		{7CE36677-EDF9-058D-05C8-C42DC3C6A010}.Debug|Any CPU.Build.0 = Debug|Any CPU
		{7CE36677-EDF9-058D-05C8-C42DC3C6A010}.Release|Any CPU.ActiveCfg = Release|Any CPU
		{7CE36677-EDF9-058D-05C8-C42DC3C6A010}.Release|Any CPU.Build.0 = Release|Any CPU
		{61E1EF77-451A-70CD-D466-8E8E68E9B57F}.Debug|Any CPU.ActiveCfg = Debug|Any CPU
		{61E1EF77-451A-70CD-D466-8E8E68E9B57F}.Debug|Any CPU.Build.0 = Debug|Any CPU
		{61E1EF77-451A-70CD-D466-8E8E68E9B57F}.Release|Any CPU.ActiveCfg = Release|Any CPU
		{61E1EF77-451A-70CD-D466-8E8E68E9B57F}.Release|Any CPU.Build.0 = Release|Any CPU
		{4AA55BD5-0E09-AA3B-A4A4-9282E80220E7}.Debug|Any CPU.ActiveCfg = Debug|Any CPU
		{4AA55BD5-0E09-AA3B-A4A4-9282E80220E7}.Debug|Any CPU.Build.0 = Debug|Any CPU
		{4AA55BD5-0E09-AA3B-A4A4-9282E80220E7}.Release|Any CPU.ActiveCfg = Release|Any CPU
		{4AA55BD5-0E09-AA3B-A4A4-9282E80220E7}.Release|Any CPU.Build.0 = Release|Any CPU
		{76B4A080-B340-1351-247B-EF56C3585422}.Debug|Any CPU.ActiveCfg = Debug|Any CPU
		{76B4A080-B340-1351-247B-EF56C3585422}.Debug|Any CPU.Build.0 = Debug|Any CPU
		{76B4A080-B340-1351-247B-EF56C3585422}.Release|Any CPU.ActiveCfg = Release|Any CPU
		{76B4A080-B340-1351-247B-EF56C3585422}.Release|Any CPU.Build.0 = Release|Any CPU
		{D01AD04E-8C02-C4B3-8D4C-3E0873B9B0A2}.Debug|Any CPU.ActiveCfg = Debug|Any CPU
		{D01AD04E-8C02-C4B3-8D4C-3E0873B9B0A2}.Debug|Any CPU.Build.0 = Debug|Any CPU
		{D01AD04E-8C02-C4B3-8D4C-3E0873B9B0A2}.Release|Any CPU.ActiveCfg = Release|Any CPU
		{D01AD04E-8C02-C4B3-8D4C-3E0873B9B0A2}.Release|Any CPU.Build.0 = Release|Any CPU
		{C4BD2689-4502-C6A2-B512-41B3FC39AF10}.Debug|Any CPU.ActiveCfg = Debug|Any CPU
		{C4BD2689-4502-C6A2-B512-41B3FC39AF10}.Debug|Any CPU.Build.0 = Debug|Any CPU
		{C4BD2689-4502-C6A2-B512-41B3FC39AF10}.Release|Any CPU.ActiveCfg = Release|Any CPU
		{C4BD2689-4502-C6A2-B512-41B3FC39AF10}.Release|Any CPU.Build.0 = Release|Any CPU
		{EE1973C9-B4A9-D2B4-A118-F2F32C2A3A2F}.Debug|Any CPU.ActiveCfg = Debug|Any CPU
		{EE1973C9-B4A9-D2B4-A118-F2F32C2A3A2F}.Debug|Any CPU.Build.0 = Debug|Any CPU
		{EE1973C9-B4A9-D2B4-A118-F2F32C2A3A2F}.Release|Any CPU.ActiveCfg = Release|Any CPU
		{EE1973C9-B4A9-D2B4-A118-F2F32C2A3A2F}.Release|Any CPU.Build.0 = Release|Any CPU
		{99C82EC5-A5C1-ABDA-B8DA-E62BB12D06F6}.Debug|Any CPU.ActiveCfg = Debug|Any CPU
		{99C82EC5-A5C1-ABDA-B8DA-E62BB12D06F6}.Debug|Any CPU.Build.0 = Debug|Any CPU
		{99C82EC5-A5C1-ABDA-B8DA-E62BB12D06F6}.Release|Any CPU.ActiveCfg = Release|Any CPU
		{99C82EC5-A5C1-ABDA-B8DA-E62BB12D06F6}.Release|Any CPU.Build.0 = Release|Any CPU
		{2C31C1FE-F1B3-CE05-263C-3A9353990D1F}.Debug|Any CPU.ActiveCfg = Debug|Any CPU
		{2C31C1FE-F1B3-CE05-263C-3A9353990D1F}.Debug|Any CPU.Build.0 = Debug|Any CPU
		{2C31C1FE-F1B3-CE05-263C-3A9353990D1F}.Release|Any CPU.ActiveCfg = Release|Any CPU
		{2C31C1FE-F1B3-CE05-263C-3A9353990D1F}.Release|Any CPU.Build.0 = Release|Any CPU
		{F7608845-97B3-B6AD-B718-218724C10799}.Debug|Any CPU.ActiveCfg = Debug|Any CPU
		{F7608845-97B3-B6AD-B718-218724C10799}.Debug|Any CPU.Build.0 = Debug|Any CPU
		{F7608845-97B3-B6AD-B718-218724C10799}.Release|Any CPU.ActiveCfg = Release|Any CPU
		{F7608845-97B3-B6AD-B718-218724C10799}.Release|Any CPU.Build.0 = Release|Any CPU
		{DAB27668-4539-D9BF-96F1-EA0E64AE83DD}.Debug|Any CPU.ActiveCfg = Debug|Any CPU
		{DAB27668-4539-D9BF-96F1-EA0E64AE83DD}.Debug|Any CPU.Build.0 = Debug|Any CPU
		{DAB27668-4539-D9BF-96F1-EA0E64AE83DD}.Release|Any CPU.ActiveCfg = Release|Any CPU
		{DAB27668-4539-D9BF-96F1-EA0E64AE83DD}.Release|Any CPU.Build.0 = Release|Any CPU
		{54B97000-BD62-D7F0-67E0-85F20131014D}.Debug|Any CPU.ActiveCfg = Debug|Any CPU
		{54B97000-BD62-D7F0-67E0-85F20131014D}.Debug|Any CPU.Build.0 = Debug|Any CPU
		{54B97000-BD62-D7F0-67E0-85F20131014D}.Release|Any CPU.ActiveCfg = Release|Any CPU
		{54B97000-BD62-D7F0-67E0-85F20131014D}.Release|Any CPU.Build.0 = Release|Any CPU
		{3F019136-F40E-EA5D-4543-EDCDE0A9B110}.Debug|Any CPU.ActiveCfg = Debug|Any CPU
		{3F019136-F40E-EA5D-4543-EDCDE0A9B110}.Debug|Any CPU.Build.0 = Debug|Any CPU
		{3F019136-F40E-EA5D-4543-EDCDE0A9B110}.Release|Any CPU.ActiveCfg = Release|Any CPU
		{3F019136-F40E-EA5D-4543-EDCDE0A9B110}.Release|Any CPU.Build.0 = Release|Any CPU
		{C98BB77B-C381-6F82-D4D4-829C73B7C5EA}.Debug|Any CPU.ActiveCfg = Debug|Any CPU
		{C98BB77B-C381-6F82-D4D4-829C73B7C5EA}.Debug|Any CPU.Build.0 = Debug|Any CPU
		{C98BB77B-C381-6F82-D4D4-829C73B7C5EA}.Release|Any CPU.ActiveCfg = Release|Any CPU
		{C98BB77B-C381-6F82-D4D4-829C73B7C5EA}.Release|Any CPU.Build.0 = Release|Any CPU
		{581C7620-2ECD-6106-9D34-13A20DD2A467}.Debug|Any CPU.ActiveCfg = Debug|Any CPU
		{581C7620-2ECD-6106-9D34-13A20DD2A467}.Debug|Any CPU.Build.0 = Debug|Any CPU
		{581C7620-2ECD-6106-9D34-13A20DD2A467}.Release|Any CPU.ActiveCfg = Release|Any CPU
		{581C7620-2ECD-6106-9D34-13A20DD2A467}.Release|Any CPU.Build.0 = Release|Any CPU
		{4E4FE79A-5593-EBA5-7CCB-5BCA7B704131}.Debug|Any CPU.ActiveCfg = Debug|Any CPU
		{4E4FE79A-5593-EBA5-7CCB-5BCA7B704131}.Debug|Any CPU.Build.0 = Debug|Any CPU
		{4E4FE79A-5593-EBA5-7CCB-5BCA7B704131}.Release|Any CPU.ActiveCfg = Release|Any CPU
		{4E4FE79A-5593-EBA5-7CCB-5BCA7B704131}.Release|Any CPU.Build.0 = Release|Any CPU
		{ED293A0F-1A4A-4D9F-8038-B9C8226BDB88}.Debug|Any CPU.ActiveCfg = Debug|Any CPU
		{ED293A0F-1A4A-4D9F-8038-B9C8226BDB88}.Debug|Any CPU.Build.0 = Debug|Any CPU
		{ED293A0F-1A4A-4D9F-8038-B9C8226BDB88}.Release|Any CPU.ActiveCfg = Release|Any CPU
		{ED293A0F-1A4A-4D9F-8038-B9C8226BDB88}.Release|Any CPU.Build.0 = Release|Any CPU
		{551C097F-E579-7B9A-47E9-3D3166086C49}.Debug|Any CPU.ActiveCfg = Debug|Any CPU
		{551C097F-E579-7B9A-47E9-3D3166086C49}.Debug|Any CPU.Build.0 = Debug|Any CPU
		{551C097F-E579-7B9A-47E9-3D3166086C49}.Release|Any CPU.ActiveCfg = Release|Any CPU
		{551C097F-E579-7B9A-47E9-3D3166086C49}.Release|Any CPU.Build.0 = Release|Any CPU
		{32BFB8FB-ECA6-C317-FAD0-D4F6AA4CA9EF}.Debug|Any CPU.ActiveCfg = Debug|Any CPU
		{32BFB8FB-ECA6-C317-FAD0-D4F6AA4CA9EF}.Debug|Any CPU.Build.0 = Debug|Any CPU
		{32BFB8FB-ECA6-C317-FAD0-D4F6AA4CA9EF}.Release|Any CPU.ActiveCfg = Release|Any CPU
		{32BFB8FB-ECA6-C317-FAD0-D4F6AA4CA9EF}.Release|Any CPU.Build.0 = Release|Any CPU
		{EC490D70-2D5A-05C8-016F-B8EA5C616CEC}.Debug|Any CPU.ActiveCfg = Debug|Any CPU
		{EC490D70-2D5A-05C8-016F-B8EA5C616CEC}.Debug|Any CPU.Build.0 = Debug|Any CPU
		{EC490D70-2D5A-05C8-016F-B8EA5C616CEC}.Release|Any CPU.ActiveCfg = Release|Any CPU
		{EC490D70-2D5A-05C8-016F-B8EA5C616CEC}.Release|Any CPU.Build.0 = Release|Any CPU
		{89E30D26-C784-AEB7-F8D8-6F98E7B2C917}.Debug|Any CPU.ActiveCfg = Debug|Any CPU
		{89E30D26-C784-AEB7-F8D8-6F98E7B2C917}.Debug|Any CPU.Build.0 = Debug|Any CPU
		{89E30D26-C784-AEB7-F8D8-6F98E7B2C917}.Release|Any CPU.ActiveCfg = Release|Any CPU
		{89E30D26-C784-AEB7-F8D8-6F98E7B2C917}.Release|Any CPU.Build.0 = Release|Any CPU
		{EED1DE29-6AA6-9158-15C1-46AFE3D69C82}.Debug|Any CPU.ActiveCfg = Debug|Any CPU
		{EED1DE29-6AA6-9158-15C1-46AFE3D69C82}.Debug|Any CPU.Build.0 = Debug|Any CPU
		{EED1DE29-6AA6-9158-15C1-46AFE3D69C82}.Release|Any CPU.ActiveCfg = Release|Any CPU
		{EED1DE29-6AA6-9158-15C1-46AFE3D69C82}.Release|Any CPU.Build.0 = Release|Any CPU
		{FD823586-8B84-B34E-1FF6-85182A4A4E7D}.Debug|Any CPU.ActiveCfg = Debug|Any CPU
		{FD823586-8B84-B34E-1FF6-85182A4A4E7D}.Debug|Any CPU.Build.0 = Debug|Any CPU
		{FD823586-8B84-B34E-1FF6-85182A4A4E7D}.Release|Any CPU.ActiveCfg = Release|Any CPU
		{FD823586-8B84-B34E-1FF6-85182A4A4E7D}.Release|Any CPU.Build.0 = Release|Any CPU
		{9F68ABD6-F906-B89F-A9B9-B7273C201765}.Debug|Any CPU.ActiveCfg = Debug|Any CPU
		{9F68ABD6-F906-B89F-A9B9-B7273C201765}.Debug|Any CPU.Build.0 = Debug|Any CPU
		{9F68ABD6-F906-B89F-A9B9-B7273C201765}.Release|Any CPU.ActiveCfg = Release|Any CPU
		{9F68ABD6-F906-B89F-A9B9-B7273C201765}.Release|Any CPU.Build.0 = Release|Any CPU
		{D94ACB20-805A-BA8B-DF50-C654CB2C7EE4}.Debug|Any CPU.ActiveCfg = Debug|Any CPU
		{D94ACB20-805A-BA8B-DF50-C654CB2C7EE4}.Debug|Any CPU.Build.0 = Debug|Any CPU
		{D94ACB20-805A-BA8B-DF50-C654CB2C7EE4}.Release|Any CPU.ActiveCfg = Release|Any CPU
		{D94ACB20-805A-BA8B-DF50-C654CB2C7EE4}.Release|Any CPU.Build.0 = Release|Any CPU
		{5E33357E-C711-F716-2527-F76C6D44C4FA}.Debug|Any CPU.ActiveCfg = Debug|Any CPU
		{5E33357E-C711-F716-2527-F76C6D44C4FA}.Debug|Any CPU.Build.0 = Debug|Any CPU
		{5E33357E-C711-F716-2527-F76C6D44C4FA}.Release|Any CPU.ActiveCfg = Release|Any CPU
		{5E33357E-C711-F716-2527-F76C6D44C4FA}.Release|Any CPU.Build.0 = Release|Any CPU
		{6143B46D-E611-9EB9-2ABD-1AEF28269B13}.Debug|Any CPU.ActiveCfg = Debug|Any CPU
		{6143B46D-E611-9EB9-2ABD-1AEF28269B13}.Debug|Any CPU.Build.0 = Debug|Any CPU
		{6143B46D-E611-9EB9-2ABD-1AEF28269B13}.Release|Any CPU.ActiveCfg = Release|Any CPU
		{6143B46D-E611-9EB9-2ABD-1AEF28269B13}.Release|Any CPU.Build.0 = Release|Any CPU
		{80B05103-65D4-4863-1651-71562B16024F}.Debug|Any CPU.ActiveCfg = Debug|Any CPU
		{80B05103-65D4-4863-1651-71562B16024F}.Debug|Any CPU.Build.0 = Debug|Any CPU
		{80B05103-65D4-4863-1651-71562B16024F}.Release|Any CPU.ActiveCfg = Release|Any CPU
		{80B05103-65D4-4863-1651-71562B16024F}.Release|Any CPU.Build.0 = Release|Any CPU
		{FFC6AC7B-A6E5-5A0C-C573-18D1FD505C71}.Debug|Any CPU.ActiveCfg = Debug|Any CPU
		{FFC6AC7B-A6E5-5A0C-C573-18D1FD505C71}.Debug|Any CPU.Build.0 = Debug|Any CPU
		{FFC6AC7B-A6E5-5A0C-C573-18D1FD505C71}.Release|Any CPU.ActiveCfg = Release|Any CPU
		{FFC6AC7B-A6E5-5A0C-C573-18D1FD505C71}.Release|Any CPU.Build.0 = Release|Any CPU
		{341C1CBD-E901-6418-EAF3-7F5CA65663D2}.Debug|Any CPU.ActiveCfg = Debug|Any CPU
		{341C1CBD-E901-6418-EAF3-7F5CA65663D2}.Debug|Any CPU.Build.0 = Debug|Any CPU
		{341C1CBD-E901-6418-EAF3-7F5CA65663D2}.Release|Any CPU.ActiveCfg = Release|Any CPU
		{341C1CBD-E901-6418-EAF3-7F5CA65663D2}.Release|Any CPU.Build.0 = Release|Any CPU
		{6BE2EDF4-DF4E-E289-125C-F193F504417D}.Debug|Any CPU.ActiveCfg = Debug|Any CPU
		{6BE2EDF4-DF4E-E289-125C-F193F504417D}.Debug|Any CPU.Build.0 = Debug|Any CPU
		{6BE2EDF4-DF4E-E289-125C-F193F504417D}.Release|Any CPU.ActiveCfg = Release|Any CPU
		{6BE2EDF4-DF4E-E289-125C-F193F504417D}.Release|Any CPU.Build.0 = Release|Any CPU
		{C6DB19CA-82FC-70A8-2439-C2D57D66473D}.Debug|Any CPU.ActiveCfg = Debug|Any CPU
		{C6DB19CA-82FC-70A8-2439-C2D57D66473D}.Debug|Any CPU.Build.0 = Debug|Any CPU
		{C6DB19CA-82FC-70A8-2439-C2D57D66473D}.Release|Any CPU.ActiveCfg = Release|Any CPU
		{C6DB19CA-82FC-70A8-2439-C2D57D66473D}.Release|Any CPU.Build.0 = Release|Any CPU
		{F1A0C53C-56D0-971F-3D89-6761B64B4C20}.Debug|Any CPU.ActiveCfg = Debug|Any CPU
		{F1A0C53C-56D0-971F-3D89-6761B64B4C20}.Debug|Any CPU.Build.0 = Debug|Any CPU
		{F1A0C53C-56D0-971F-3D89-6761B64B4C20}.Release|Any CPU.ActiveCfg = Release|Any CPU
		{F1A0C53C-56D0-971F-3D89-6761B64B4C20}.Release|Any CPU.Build.0 = Release|Any CPU
		{046E8FE3-5243-0979-4F7B-D06499F44714}.Debug|Any CPU.ActiveCfg = Debug|Any CPU
		{046E8FE3-5243-0979-4F7B-D06499F44714}.Debug|Any CPU.Build.0 = Debug|Any CPU
		{046E8FE3-5243-0979-4F7B-D06499F44714}.Release|Any CPU.ActiveCfg = Release|Any CPU
		{046E8FE3-5243-0979-4F7B-D06499F44714}.Release|Any CPU.Build.0 = Release|Any CPU
		{DFFD4E9F-8039-DDF1-5294-FA07DB014220}.Debug|Any CPU.ActiveCfg = Debug|Any CPU
		{DFFD4E9F-8039-DDF1-5294-FA07DB014220}.Debug|Any CPU.Build.0 = Debug|Any CPU
		{DFFD4E9F-8039-DDF1-5294-FA07DB014220}.Release|Any CPU.ActiveCfg = Release|Any CPU
		{DFFD4E9F-8039-DDF1-5294-FA07DB014220}.Release|Any CPU.Build.0 = Release|Any CPU
		{52077516-7EFB-EBB8-1106-515895C99489}.Debug|Any CPU.ActiveCfg = Debug|Any CPU
		{52077516-7EFB-EBB8-1106-515895C99489}.Debug|Any CPU.Build.0 = Debug|Any CPU
		{52077516-7EFB-EBB8-1106-515895C99489}.Release|Any CPU.ActiveCfg = Release|Any CPU
		{52077516-7EFB-EBB8-1106-515895C99489}.Release|Any CPU.Build.0 = Release|Any CPU
		{82363B6E-4015-4AB5-3BE2-27595ECE0A27}.Debug|Any CPU.ActiveCfg = Debug|Any CPU
		{82363B6E-4015-4AB5-3BE2-27595ECE0A27}.Debug|Any CPU.Build.0 = Debug|Any CPU
		{82363B6E-4015-4AB5-3BE2-27595ECE0A27}.Release|Any CPU.ActiveCfg = Release|Any CPU
		{82363B6E-4015-4AB5-3BE2-27595ECE0A27}.Release|Any CPU.Build.0 = Release|Any CPU
		{92FFC6C7-BADC-573B-62E5-BEDC901C174F}.Debug|Any CPU.ActiveCfg = Debug|Any CPU
		{92FFC6C7-BADC-573B-62E5-BEDC901C174F}.Debug|Any CPU.Build.0 = Debug|Any CPU
		{92FFC6C7-BADC-573B-62E5-BEDC901C174F}.Release|Any CPU.ActiveCfg = Release|Any CPU
		{92FFC6C7-BADC-573B-62E5-BEDC901C174F}.Release|Any CPU.Build.0 = Release|Any CPU
		{5ECFFA0B-C5F1-193A-90BE-EFBFC6785803}.Debug|Any CPU.ActiveCfg = Debug|Any CPU
		{5ECFFA0B-C5F1-193A-90BE-EFBFC6785803}.Debug|Any CPU.Build.0 = Debug|Any CPU
		{5ECFFA0B-C5F1-193A-90BE-EFBFC6785803}.Release|Any CPU.ActiveCfg = Release|Any CPU
		{5ECFFA0B-C5F1-193A-90BE-EFBFC6785803}.Release|Any CPU.Build.0 = Release|Any CPU
		{11D154C2-546E-EE77-1E93-2CB1F0C3EF13}.Debug|Any CPU.ActiveCfg = Debug|Any CPU
		{11D154C2-546E-EE77-1E93-2CB1F0C3EF13}.Debug|Any CPU.Build.0 = Debug|Any CPU
		{11D154C2-546E-EE77-1E93-2CB1F0C3EF13}.Release|Any CPU.ActiveCfg = Release|Any CPU
		{11D154C2-546E-EE77-1E93-2CB1F0C3EF13}.Release|Any CPU.Build.0 = Release|Any CPU
		{DC39D778-BCDC-8843-F1FA-98429BA5DB15}.Debug|Any CPU.ActiveCfg = Debug|Any CPU
		{DC39D778-BCDC-8843-F1FA-98429BA5DB15}.Debug|Any CPU.Build.0 = Debug|Any CPU
		{DC39D778-BCDC-8843-F1FA-98429BA5DB15}.Release|Any CPU.ActiveCfg = Release|Any CPU
		{DC39D778-BCDC-8843-F1FA-98429BA5DB15}.Release|Any CPU.Build.0 = Release|Any CPU
		{D7DF584C-014F-00E8-1B89-BA90F163D8CC}.Debug|Any CPU.ActiveCfg = Debug|Any CPU
		{D7DF584C-014F-00E8-1B89-BA90F163D8CC}.Debug|Any CPU.Build.0 = Debug|Any CPU
		{D7DF584C-014F-00E8-1B89-BA90F163D8CC}.Release|Any CPU.ActiveCfg = Release|Any CPU
		{D7DF584C-014F-00E8-1B89-BA90F163D8CC}.Release|Any CPU.Build.0 = Release|Any CPU
		{B76A7019-4F74-5475-3C68-EF8E44F14499}.Debug|Any CPU.ActiveCfg = Debug|Any CPU
		{B76A7019-4F74-5475-3C68-EF8E44F14499}.Debug|Any CPU.Build.0 = Debug|Any CPU
		{B76A7019-4F74-5475-3C68-EF8E44F14499}.Release|Any CPU.ActiveCfg = Release|Any CPU
		{B76A7019-4F74-5475-3C68-EF8E44F14499}.Release|Any CPU.Build.0 = Release|Any CPU
		{F36F0168-0FC5-4484-5BEC-D4473E542FB2}.Debug|Any CPU.ActiveCfg = Debug|Any CPU
		{F36F0168-0FC5-4484-5BEC-D4473E542FB2}.Debug|Any CPU.Build.0 = Debug|Any CPU
		{F36F0168-0FC5-4484-5BEC-D4473E542FB2}.Release|Any CPU.ActiveCfg = Release|Any CPU
		{F36F0168-0FC5-4484-5BEC-D4473E542FB2}.Release|Any CPU.Build.0 = Release|Any CPU
		{7E6F85BC-D78C-41FE-04E4-726DACA8BFD7}.Debug|Any CPU.ActiveCfg = Debug|Any CPU
		{7E6F85BC-D78C-41FE-04E4-726DACA8BFD7}.Debug|Any CPU.Build.0 = Debug|Any CPU
		{7E6F85BC-D78C-41FE-04E4-726DACA8BFD7}.Release|Any CPU.ActiveCfg = Release|Any CPU
		{7E6F85BC-D78C-41FE-04E4-726DACA8BFD7}.Release|Any CPU.Build.0 = Release|Any CPU
	EndGlobalSection
	GlobalSection(SolutionProperties) = preSolution
		HideSolutionNode = FALSE
	EndGlobalSection
EndGlobal
